Microsoft Visual Studio Solution File, Format Version 12.00
# 17
VisualStudioVersion = 17.0.31903.59
MinimumVisualStudioVersion = 10.0.40219.1
Project("{2150E333-8FDC-42A3-9474-1A3956D46DE8}") = "src", "src", "{1FE5EE5F-70AA-4824-B306-304ADBF3A312}"
EndProject
Project("{2150E333-8FDC-42A3-9474-1A3956D46DE8}") = "root", "root", "{689C1AA2-EEA6-4DC1-A090-CEDFAB39437E}"
	ProjectSection(SolutionItems) = preProject
		.editorconfig = .editorconfig
		.gitattributes = .gitattributes
		.gitignore = .gitignore
		.gitmodules = .gitmodules
		Directory.Build.props = Directory.Build.props
		global.json = global.json
		LICENSE = LICENSE
		README.md = README.md
		version.json = version.json
	EndProjectSection
EndProject
Project("{9A19103F-16F7-4668-BE54-9A1E7A4F7556}") = "WizardCounter", "src\WizardCounter\WizardCounter.csproj", "{38E399A9-B31C-41A4-9594-B672760A7337}"
EndProject
Project("{9A19103F-16F7-4668-BE54-9A1E7A4F7556}") = "WizardCounter.UI", "src\WizardCounter.UI\WizardCounter.UI.csproj", "{C00185F0-C727-481A-AA5F-23BEF39DAE80}"
EndProject
Project("{9A19103F-16F7-4668-BE54-9A1E7A4F7556}") = "WizardCounter.UI.Wasm", "src\WizardCounter.UI.Wasm\WizardCounter.UI.Wasm.csproj", "{1E09DF5D-BEB0-4555-8C5E-D68D32817844}"
EndProject
Project("{2150E333-8FDC-42A3-9474-1A3956D46DE8}") = "src-modules", "src-modules", "{0F8AC477-3BF8-411F-BC0B-767F820697EA}"
EndProject
Project("{9A19103F-16F7-4668-BE54-9A1E7A4F7556}") = "Core", "src-modules\Core\src\Core\Core.csproj", "{569E0878-B758-42B0-8166-5935C584C03B}"
EndProject
Project("{9A19103F-16F7-4668-BE54-9A1E7A4F7556}") = "Core.App", "src-modules\Core\src\Core.App\Core.App.csproj", "{FA50AF51-FC1D-4259-BA00-03B5E7592484}"
EndProject
Project("{9A19103F-16F7-4668-BE54-9A1E7A4F7556}") = "Core.Web", "src-modules\Core\src\Core.Web\Core.Web.csproj", "{6E21EE17-77BD-4072-BDDB-027D38C6D188}"
EndProject
Project("{9A19103F-16F7-4668-BE54-9A1E7A4F7556}") = "Core.Blazor", "src-modules\Core\src\Core.Blazor\Core.Blazor.csproj", "{F284A251-6C8E-4F53-8461-E6972204429E}"
EndProject
Project("{9A19103F-16F7-4668-BE54-9A1E7A4F7556}") = "ConsoleApp1", "src\ConsoleApp1\ConsoleApp1.csproj", "{835E7869-965B-4D97-9043-F598F7AA8557}"
EndProject
Global
	GlobalSection(SolutionConfigurationPlatforms) = preSolution
		Debug|Any CPU = Debug|Any CPU
		Release|Any CPU = Release|Any CPU
	EndGlobalSection
	GlobalSection(ProjectConfigurationPlatforms) = postSolution
		{38E399A9-B31C-41A4-9594-B672760A7337}.Debug|Any CPU.ActiveCfg = Debug|Any CPU
		{38E399A9-B31C-41A4-9594-B672760A7337}.Debug|Any CPU.Build.0 = Debug|Any CPU
		{38E399A9-B31C-41A4-9594-B672760A7337}.Release|Any CPU.ActiveCfg = Release|Any CPU
		{38E399A9-B31C-41A4-9594-B672760A7337}.Release|Any CPU.Build.0 = Release|Any CPU
		{C00185F0-C727-481A-AA5F-23BEF39DAE80}.Debug|Any CPU.ActiveCfg = Debug|Any CPU
		{C00185F0-C727-481A-AA5F-23BEF39DAE80}.Debug|Any CPU.Build.0 = Debug|Any CPU
		{C00185F0-C727-481A-AA5F-23BEF39DAE80}.Release|Any CPU.ActiveCfg = Release|Any CPU
		{C00185F0-C727-481A-AA5F-23BEF39DAE80}.Release|Any CPU.Build.0 = Release|Any CPU
		{1E09DF5D-BEB0-4555-8C5E-D68D32817844}.Debug|Any CPU.ActiveCfg = Debug|Any CPU
		{1E09DF5D-BEB0-4555-8C5E-D68D32817844}.Debug|Any CPU.Build.0 = Debug|Any CPU
		{1E09DF5D-BEB0-4555-8C5E-D68D32817844}.Release|Any CPU.ActiveCfg = Release|Any CPU
		{1E09DF5D-BEB0-4555-8C5E-D68D32817844}.Release|Any CPU.Build.0 = Release|Any CPU
		{569E0878-B758-42B0-8166-5935C584C03B}.Debug|Any CPU.ActiveCfg = Debug|Any CPU
		{569E0878-B758-42B0-8166-5935C584C03B}.Debug|Any CPU.Build.0 = Debug|Any CPU
		{569E0878-B758-42B0-8166-5935C584C03B}.Release|Any CPU.ActiveCfg = Release|Any CPU
		{569E0878-B758-42B0-8166-5935C584C03B}.Release|Any CPU.Build.0 = Release|Any CPU
		{FA50AF51-FC1D-4259-BA00-03B5E7592484}.Debug|Any CPU.ActiveCfg = Debug|Any CPU
		{FA50AF51-FC1D-4259-BA00-03B5E7592484}.Debug|Any CPU.Build.0 = Debug|Any CPU
		{FA50AF51-FC1D-4259-BA00-03B5E7592484}.Release|Any CPU.ActiveCfg = Release|Any CPU
		{FA50AF51-FC1D-4259-BA00-03B5E7592484}.Release|Any CPU.Build.0 = Release|Any CPU
		{6E21EE17-77BD-4072-BDDB-027D38C6D188}.Debug|Any CPU.ActiveCfg = Debug|Any CPU
		{6E21EE17-77BD-4072-BDDB-027D38C6D188}.Debug|Any CPU.Build.0 = Debug|Any CPU
		{6E21EE17-77BD-4072-BDDB-027D38C6D188}.Release|Any CPU.ActiveCfg = Release|Any CPU
		{6E21EE17-77BD-4072-BDDB-027D38C6D188}.Release|Any CPU.Build.0 = Release|Any CPU
		{F284A251-6C8E-4F53-8461-E6972204429E}.Debug|Any CPU.ActiveCfg = Debug|Any CPU
		{F284A251-6C8E-4F53-8461-E6972204429E}.Debug|Any CPU.Build.0 = Debug|Any CPU
		{F284A251-6C8E-4F53-8461-E6972204429E}.Release|Any CPU.ActiveCfg = Release|Any CPU
		{F284A251-6C8E-4F53-8461-E6972204429E}.Release|Any CPU.Build.0 = Release|Any CPU
		{835E7869-965B-4D97-9043-F598F7AA8557}.Debug|Any CPU.ActiveCfg = Debug|Any CPU
		{835E7869-965B-4D97-9043-F598F7AA8557}.Debug|Any CPU.Build.0 = Debug|Any CPU
		{835E7869-965B-4D97-9043-F598F7AA8557}.Release|Any CPU.ActiveCfg = Release|Any CPU
		{835E7869-965B-4D97-9043-F598F7AA8557}.Release|Any CPU.Build.0 = Release|Any CPU
	EndGlobalSection
	GlobalSection(SolutionProperties) = preSolution
		HideSolutionNode = FALSE
	EndGlobalSection
	GlobalSection(NestedProjects) = preSolution
		{38E399A9-B31C-41A4-9594-B672760A7337} = {1FE5EE5F-70AA-4824-B306-304ADBF3A312}
		{C00185F0-C727-481A-AA5F-23BEF39DAE80} = {1FE5EE5F-70AA-4824-B306-304ADBF3A312}
		{1E09DF5D-BEB0-4555-8C5E-D68D32817844} = {1FE5EE5F-70AA-4824-B306-304ADBF3A312}
		{569E0878-B758-42B0-8166-5935C584C03B} = {0F8AC477-3BF8-411F-BC0B-767F820697EA}
		{FA50AF51-FC1D-4259-BA00-03B5E7592484} = {0F8AC477-3BF8-411F-BC0B-767F820697EA}
		{6E21EE17-77BD-4072-BDDB-027D38C6D188} = {0F8AC477-3BF8-411F-BC0B-767F820697EA}
		{F284A251-6C8E-4F53-8461-E6972204429E} = {0F8AC477-3BF8-411F-BC0B-767F820697EA}
		{835E7869-965B-4D97-9043-F598F7AA8557} = {1FE5EE5F-70AA-4824-B306-304ADBF3A312}
	EndGlobalSection
	GlobalSection(ExtensibilityGlobals) = postSolution
		SolutionGuid = {26EECD34-43C6-4F7A-A567-0F8AC7F82094}
	EndGlobalSection
EndGlobal
