
Microsoft Visual Studio Solution File, Format Version 12.00
# Visual Studio Version 17
VisualStudioVersion = 17.5.002.0
MinimumVisualStudioVersion = 10.0.40219.1
Project("{9A19103F-16F7-4668-BE54-9A1E7A4F7556}") = "WizardCounter.UI.Wasm", "WizardCounter.UI.Wasm.csproj", "{DFA1B4A9-4844-4383-9C48-112156A57B74}"
EndProject
Global
	GlobalSection(SolutionConfigurationPlatforms) = preSolution
		Debug|Any CPU = Debug|Any CPU
		Release|Any CPU = Release|Any CPU
	EndGlobalSection
	GlobalSection(ProjectConfigurationPlatforms) = postSolution
		{DFA1B4A9-4844-4383-9C48-112156A57B74}.Debug|Any CPU.ActiveCfg = Debug|Any CPU
		{DFA1B4A9-4844-4383-9C48-112156A57B74}.Debug|Any CPU.Build.0 = Debug|Any CPU
		{DFA1B4A9-4844-4383-9C48-112156A57B74}.Release|Any CPU.ActiveCfg = Release|Any CPU
		{DFA1B4A9-4844-4383-9C48-112156A57B74}.Release|Any CPU.Build.0 = Release|Any CPU
	EndGlobalSection
	GlobalSection(SolutionProperties) = preSolution
		HideSolutionNode = FALSE
	EndGlobalSection
	GlobalSection(ExtensibilityGlobals) = postSolution
		SolutionGuid = {64052ACD-0548-49CC-999B-51713FB60EE3}
	EndGlobalSection
EndGlobal
